
Microsoft Visual Studio Solution File, Format Version 12.00
# Visual Studio 15
VisualStudioVersion = 15.0.28010.2019
MinimumVisualStudioVersion = 10.0.40219.1
Project("{9A19103F-16F7-4668-BE54-9A1E7A4F7556}") = "API", "API\API.csproj", "{69617E17-A738-4632-AF7C-BAFCEBE0BB3B}"
EndProject
Project("{FAE04EC0-301F-11D3-BF4B-00C04F79EFBC}") = "App", "App\App.csproj", "{586E7A04-8CA7-4575-B050-D5F4D73A9FEA}"
EndProject
Global
	GlobalSection(SolutionConfigurationPlatforms) = preSolution
		Debug|Any CPU = Debug|Any CPU
		Release|Any CPU = Release|Any CPU
	EndGlobalSection
	GlobalSection(ProjectConfigurationPlatforms) = postSolution
		{69617E17-A738-4632-AF7C-BAFCEBE0BB3B}.Debug|Any CPU.ActiveCfg = Debug|Any CPU
		{69617E17-A738-4632-AF7C-BAFCEBE0BB3B}.Debug|Any CPU.Build.0 = Debug|Any CPU
		{69617E17-A738-4632-AF7C-BAFCEBE0BB3B}.Release|Any CPU.ActiveCfg = Release|Any CPU
		{69617E17-A738-4632-AF7C-BAFCEBE0BB3B}.Release|Any CPU.Build.0 = Release|Any CPU
		{586E7A04-8CA7-4575-B050-D5F4D73A9FEA}.Debug|Any CPU.ActiveCfg = Debug|Any CPU
		{586E7A04-8CA7-4575-B050-D5F4D73A9FEA}.Debug|Any CPU.Build.0 = Debug|Any CPU
		{586E7A04-8CA7-4575-B050-D5F4D73A9FEA}.Release|Any CPU.ActiveCfg = Release|Any CPU
		{586E7A04-8CA7-4575-B050-D5F4D73A9FEA}.Release|Any CPU.Build.0 = Release|Any CPU
	EndGlobalSection
	GlobalSection(SolutionProperties) = preSolution
		HideSolutionNode = FALSE
	EndGlobalSection
	GlobalSection(ExtensibilityGlobals) = postSolution
		SolutionGuid = {00731E46-F9CB-487A-B6CB-0A3D95AB59E0}
	EndGlobalSection
EndGlobal
